{
  "name": "khupass-serverless",
  "version": "1.0.0",
  "lockfileVersion": 2,
  "requires": true,
  "packages": {
    "": {
      "name": "khupass-serverless",
      "version": "1.0.0",
      "hasInstallScript": true,
      "license": "ISC",
      "dependencies": {
        "aws-sdk": "^2.1037.0",
        "passkit-generator": "^3.0.1"
      },
      "devDependencies": {
        "@types/aws-lambda": "^8.10.85",
        "@types/node": "^16.11.10",
        "typescript": "^4.5.2"
      }
    },
    "node_modules/@hapi/hoek": {
      "version": "9.2.1",
      "resolved": "https://registry.npmjs.org/@hapi/hoek/-/hoek-9.2.1.tgz",
      "integrity": "sha512-gfta+H8aziZsm8pZa0vj04KO6biEiisppNgA1kbJvFrrWu9Vm7eaUEy76DIxsuTaWvti5fkJVhllWc6ZTE+Mdw=="
    },
    "node_modules/@hapi/topo": {
      "version": "5.1.0",
      "resolved": "https://registry.npmjs.org/@hapi/topo/-/topo-5.1.0.tgz",
      "integrity": "sha512-foQZKJig7Ob0BMAYBfcJk8d77QtOe7Wo4ox7ff1lQYoNNAb6jwcY1ncdoy2e9wQZzvNy7ODZCYJkK8kzmcAnAg==",
      "dependencies": {
        "@hapi/hoek": "^9.0.0"
      }
    },
    "node_modules/@sideway/address": {
      "version": "4.1.2",
      "resolved": "https://registry.npmjs.org/@sideway/address/-/address-4.1.2.tgz",
      "integrity": "sha512-idTz8ibqWFrPU8kMirL0CoPH/A29XOzzAzpyN3zQ4kAWnzmNfFmRaoMNN6VI8ske5M73HZyhIaW4OuSFIdM4oA==",
      "dependencies": {
        "@hapi/hoek": "^9.0.0"
      }
    },
    "node_modules/@sideway/formula": {
      "version": "3.0.0",
      "resolved": "https://registry.npmjs.org/@sideway/formula/-/formula-3.0.0.tgz",
      "integrity": "sha512-vHe7wZ4NOXVfkoRb8T5otiENVlT7a3IAiw7H5M2+GO+9CDgcVUUsX1zalAztCmwyOr2RUTGJdgB+ZvSVqmdHmg=="
    },
    "node_modules/@sideway/pinpoint": {
      "version": "2.0.0",
      "resolved": "https://registry.npmjs.org/@sideway/pinpoint/-/pinpoint-2.0.0.tgz",
      "integrity": "sha512-RNiOoTPkptFtSVzQevY/yWtZwf/RxyVnPy/OcA9HBM3MlGDnBEYL5B41H0MTn0Uec8Hi+2qUtTfG2WWZBmMejQ=="
    },
    "node_modules/@types/aws-lambda": {
      "version": "8.10.85",
      "resolved": "https://registry.npmjs.org/@types/aws-lambda/-/aws-lambda-8.10.85.tgz",
      "integrity": "sha512-cMRXVxb+NMb6EekKel1fPBfz2ZqE5cGhIS14G7FVUM4Bqilx0lHKnZbsDLWLSeckDpkvlp5six2F7UWyEEJSoQ==",
      "dev": true
    },
    "node_modules/@types/node": {
      "version": "16.11.10",
      "resolved": "https://registry.npmjs.org/@types/node/-/node-16.11.10.tgz",
      "integrity": "sha512-3aRnHa1KlOEEhJ6+CvyHKK5vE9BcLGjtUpwvqYLRvYNQKMfabu3BwfJaA/SLW8dxe28LsNDjtHwePTuzn3gmOA==",
      "dev": true
    },
    "node_modules/aws-sdk": {
      "version": "2.1037.0",
      "resolved": "https://registry.npmjs.org/aws-sdk/-/aws-sdk-2.1037.0.tgz",
      "integrity": "sha512-z1IfFFvKg1ZKikyExhLeiax0jIe/YwFrBjIUhcPjBfh+c4otvuqp9RBp2iyXt3GamhEkKoPyvd6a5K7IGsTBMw==",
      "dependencies": {
        "buffer": "4.9.2",
        "events": "1.1.1",
        "ieee754": "1.1.13",
        "jmespath": "0.15.0",
        "querystring": "0.2.0",
        "sax": "1.2.1",
        "url": "0.10.3",
        "uuid": "3.3.2",
        "xml2js": "0.4.19"
      },
      "engines": {
        "node": ">= 10.0.0"
      }
    },
    "node_modules/base64-js": {
      "version": "1.5.1",
      "resolved": "https://registry.npmjs.org/base64-js/-/base64-js-1.5.1.tgz",
      "integrity": "sha512-AKpaYlHn8t4SVbOHCy+b5+KKgvR4vrsD8vbvrbiQJps7fKDTkjkDry6ji0rUJjC0kzbNePLwzxq8iypo41qeWA==",
      "funding": [
        {
          "type": "github",
          "url": "https://github.com/sponsors/feross"
        },
        {
          "type": "patreon",
          "url": "https://www.patreon.com/feross"
        },
        {
          "type": "consulting",
          "url": "https://feross.org/support"
        }
      ]
    },
    "node_modules/buffer": {
      "version": "4.9.2",
      "resolved": "https://registry.npmjs.org/buffer/-/buffer-4.9.2.tgz",
      "integrity": "sha512-xq+q3SRMOxGivLhBNaUdC64hDTQwejJ+H0T/NB1XMtTVEwNTrfFF3gAxiyW0Bu/xWEGhjVKgUcMhCrUy2+uCWg==",
      "dependencies": {
        "base64-js": "^1.0.2",
        "ieee754": "^1.1.4",
        "isarray": "^1.0.0"
      }
    },
    "node_modules/do-not-zip": {
      "version": "1.0.0",
      "resolved": "https://registry.npmjs.org/do-not-zip/-/do-not-zip-1.0.0.tgz",
      "integrity": "sha512-Pgd81ET43bhAGaN2Hq1zluSX1FmD7kl7KcV9ER/lawiLsRUB9pRA5y8r6us29Xk6BrINZETO8TjhYwtwafWUww=="
    },
    "node_modules/events": {
      "version": "1.1.1",
      "resolved": "https://registry.npmjs.org/events/-/events-1.1.1.tgz",
      "integrity": "sha1-nr23Y1rQmccNzEwqH1AEKI6L2SQ=",
      "engines": {
        "node": ">=0.4.x"
      }
    },
    "node_modules/ieee754": {
      "version": "1.1.13",
      "resolved": "https://registry.npmjs.org/ieee754/-/ieee754-1.1.13.tgz",
      "integrity": "sha512-4vf7I2LYV/HaWerSo3XmlMkp5eZ83i+/CDluXi/IGTs/O1sejBNhTtnxzmRZfvOUqj7lZjqHkeTvpgSFDlWZTg=="
    },
    "node_modules/isarray": {
      "version": "1.0.0",
      "resolved": "https://registry.npmjs.org/isarray/-/isarray-1.0.0.tgz",
      "integrity": "sha1-u5NdSFgsuhaMBoNJV6VKPgcSTxE="
    },
    "node_modules/jmespath": {
      "version": "0.15.0",
      "resolved": "https://registry.npmjs.org/jmespath/-/jmespath-0.15.0.tgz",
      "integrity": "sha1-o/Iiqarp+Wb10nx5ZRDigJF2Qhc=",
      "engines": {
        "node": ">= 0.6.0"
      }
    },
    "node_modules/joi": {
      "version": "17.4.2",
      "resolved": "https://registry.npmjs.org/joi/-/joi-17.4.2.tgz",
      "integrity": "sha512-Lm56PP+n0+Z2A2rfRvsfWVDXGEWjXxatPopkQ8qQ5mxCEhwHG+Ettgg5o98FFaxilOxozoa14cFhrE/hOzh/Nw==",
      "dependencies": {
        "@hapi/hoek": "^9.0.0",
        "@hapi/topo": "^5.0.0",
        "@sideway/address": "^4.1.0",
        "@sideway/formula": "^3.0.0",
        "@sideway/pinpoint": "^2.0.0"
      }
    },
    "node_modules/node-forge": {
      "version": "0.10.0",
      "resolved": "https://registry.npmjs.org/node-forge/-/node-forge-0.10.0.tgz",
      "integrity": "sha512-PPmu8eEeG9saEUvI97fm4OYxXVB6bFvyNTyiUOBichBpFG8A1Ljw3bY62+5oOjDEMHRnd0Y7HQ+x7uzxOzC6JA==",
      "engines": {
        "node": ">= 6.0.0"
      }
    },
    "node_modules/passkit-generator": {
      "version": "3.0.1",
      "resolved": "https://registry.npmjs.org/passkit-generator/-/passkit-generator-3.0.1.tgz",
      "integrity": "sha512-U+3lgxoczyoZ5aToROkyE80y3oT6ZLO31NglvN90jLZtBUKoXlzqSHC2Of+6AX2ASJqyKy+uwIEGDJXnAixIEg==",
      "dependencies": {
        "do-not-zip": "^1.0.0",
        "joi": "^17.4.2",
        "node-forge": "^0.10.0",
        "tslib": "^2.3.1"
      },
      "engines": {
        "node": ">=14.18.1"
      }
    },
    "node_modules/punycode": {
      "version": "1.3.2",
      "resolved": "https://registry.npmjs.org/punycode/-/punycode-1.3.2.tgz",
      "integrity": "sha1-llOgNvt8HuQjQvIyXM7v6jkmxI0="
    },
    "node_modules/querystring": {
      "version": "0.2.0",
      "resolved": "https://registry.npmjs.org/querystring/-/querystring-0.2.0.tgz",
      "integrity": "sha1-sgmEkgO7Jd+CDadW50cAWHhSFiA=",
      "deprecated": "The querystring API is considered Legacy. new code should use the URLSearchParams API instead.",
      "engines": {
        "node": ">=0.4.x"
      }
    },
    "node_modules/sax": {
      "version": "1.2.1",
      "resolved": "https://registry.npmjs.org/sax/-/sax-1.2.1.tgz",
      "integrity": "sha1-e45lYZCyKOgaZq6nSEgNgozS03o="
    },
    "node_modules/tslib": {
      "version": "2.3.1",
      "resolved": "https://registry.npmjs.org/tslib/-/tslib-2.3.1.tgz",
      "integrity": "sha512-77EbyPPpMz+FRFRuAFlWMtmgUWGe9UOG2Z25NqCwiIjRhOf5iKGuzSe5P2w1laq+FkRy4p+PCuVkJSGkzTEKVw=="
    },
    "node_modules/typescript": {
      "version": "4.5.2",
      "resolved": "https://registry.npmjs.org/typescript/-/typescript-4.5.2.tgz",
      "integrity": "sha512-5BlMof9H1yGt0P8/WF+wPNw6GfctgGjXp5hkblpyT+8rkASSmkUKMXrxR0Xg8ThVCi/JnHQiKXeBaEwCeQwMFw==",
      "dev": true,
      "bin": {
        "tsc": "bin/tsc",
        "tsserver": "bin/tsserver"
      },
      "engines": {
        "node": ">=4.2.0"
      }
    },
    "node_modules/url": {
      "version": "0.10.3",
      "resolved": "https://registry.npmjs.org/url/-/url-0.10.3.tgz",
      "integrity": "sha1-Ah5NnHcF8hu/N9A861h2dAJ3TGQ=",
      "dependencies": {
        "punycode": "1.3.2",
        "querystring": "0.2.0"
      }
    },
    "node_modules/uuid": {
      "version": "3.3.2",
      "resolved": "https://registry.npmjs.org/uuid/-/uuid-3.3.2.tgz",
      "integrity": "sha512-yXJmeNaw3DnnKAOKJE51sL/ZaYfWJRl1pK9dr19YFCu0ObS231AB1/LbqTKRAQ5kw8A90rA6fr4riOUpTZvQZA==",
      "deprecated": "Please upgrade  to version 7 or higher.  Older versions may use Math.random() in certain circumstances, which is known to be problematic.  See https://v8.dev/blog/math-random for details.",
      "bin": {
        "uuid": "bin/uuid"
      }
    },
    "node_modules/xml2js": {
      "version": "0.4.19",
      "resolved": "https://registry.npmjs.org/xml2js/-/xml2js-0.4.19.tgz",
      "integrity": "sha512-esZnJZJOiJR9wWKMyuvSE1y6Dq5LCuJanqhxslH2bxM6duahNZ+HMpCLhBQGZkbX6xRf8x1Y2eJlgt2q3qo49Q==",
      "dependencies": {
        "sax": ">=0.6.0",
        "xmlbuilder": "~9.0.1"
      }
    },
    "node_modules/xmlbuilder": {
      "version": "9.0.7",
      "resolved": "https://registry.npmjs.org/xmlbuilder/-/xmlbuilder-9.0.7.tgz",
      "integrity": "sha1-Ey7mPS7FVlxVfiD0wi35rKaGsQ0=",
      "engines": {
        "node": ">=4.0"
      }
    }
  },
  "dependencies": {
    "@hapi/hoek": {
      "version": "9.2.1",
      "resolved": "https://registry.npmjs.org/@hapi/hoek/-/hoek-9.2.1.tgz",
      "integrity": "sha512-gfta+H8aziZsm8pZa0vj04KO6biEiisppNgA1kbJvFrrWu9Vm7eaUEy76DIxsuTaWvti5fkJVhllWc6ZTE+Mdw=="
    },
    "@hapi/topo": {
      "version": "5.1.0",
      "resolved": "https://registry.npmjs.org/@hapi/topo/-/topo-5.1.0.tgz",
      "integrity": "sha512-foQZKJig7Ob0BMAYBfcJk8d77QtOe7Wo4ox7ff1lQYoNNAb6jwcY1ncdoy2e9wQZzvNy7ODZCYJkK8kzmcAnAg==",
      "requires": {
        "@hapi/hoek": "^9.0.0"
      }
    },
    "@sideway/address": {
      "version": "4.1.2",
      "resolved": "https://registry.npmjs.org/@sideway/address/-/address-4.1.2.tgz",
      "integrity": "sha512-idTz8ibqWFrPU8kMirL0CoPH/A29XOzzAzpyN3zQ4kAWnzmNfFmRaoMNN6VI8ske5M73HZyhIaW4OuSFIdM4oA==",
      "requires": {
        "@hapi/hoek": "^9.0.0"
      }
    },
    "@sideway/formula": {
      "version": "3.0.0",
      "resolved": "https://registry.npmjs.org/@sideway/formula/-/formula-3.0.0.tgz",
      "integrity": "sha512-vHe7wZ4NOXVfkoRb8T5otiENVlT7a3IAiw7H5M2+GO+9CDgcVUUsX1zalAztCmwyOr2RUTGJdgB+ZvSVqmdHmg=="
    },
    "@sideway/pinpoint": {
      "version": "2.0.0",
      "resolved": "https://registry.npmjs.org/@sideway/pinpoint/-/pinpoint-2.0.0.tgz",
      "integrity": "sha512-RNiOoTPkptFtSVzQevY/yWtZwf/RxyVnPy/OcA9HBM3MlGDnBEYL5B41H0MTn0Uec8Hi+2qUtTfG2WWZBmMejQ=="
    },
    "@types/aws-lambda": {
      "version": "8.10.85",
      "resolved": "https://registry.npmjs.org/@types/aws-lambda/-/aws-lambda-8.10.85.tgz",
      "integrity": "sha512-cMRXVxb+NMb6EekKel1fPBfz2ZqE5cGhIS14G7FVUM4Bqilx0lHKnZbsDLWLSeckDpkvlp5six2F7UWyEEJSoQ==",
      "dev": true
    },
    "@types/node": {
      "version": "16.11.10",
      "resolved": "https://registry.npmjs.org/@types/node/-/node-16.11.10.tgz",
      "integrity": "sha512-3aRnHa1KlOEEhJ6+CvyHKK5vE9BcLGjtUpwvqYLRvYNQKMfabu3BwfJaA/SLW8dxe28LsNDjtHwePTuzn3gmOA==",
      "dev": true
    },
    "aws-sdk": {
      "version": "2.1037.0",
      "resolved": "https://registry.npmjs.org/aws-sdk/-/aws-sdk-2.1037.0.tgz",
      "integrity": "sha512-z1IfFFvKg1ZKikyExhLeiax0jIe/YwFrBjIUhcPjBfh+c4otvuqp9RBp2iyXt3GamhEkKoPyvd6a5K7IGsTBMw==",
      "requires": {
        "buffer": "4.9.2",
        "events": "1.1.1",
        "ieee754": "1.1.13",
        "jmespath": "0.15.0",
        "querystring": "0.2.0",
        "sax": "1.2.1",
        "url": "0.10.3",
        "uuid": "3.3.2",
        "xml2js": "0.4.19"
      }
    },
    "base64-js": {
      "version": "1.5.1",
      "resolved": "https://registry.npmjs.org/base64-js/-/base64-js-1.5.1.tgz",
      "integrity": "sha512-AKpaYlHn8t4SVbOHCy+b5+KKgvR4vrsD8vbvrbiQJps7fKDTkjkDry6ji0rUJjC0kzbNePLwzxq8iypo41qeWA=="
    },
    "buffer": {
      "version": "4.9.2",
      "resolved": "https://registry.npmjs.org/buffer/-/buffer-4.9.2.tgz",
      "integrity": "sha512-xq+q3SRMOxGivLhBNaUdC64hDTQwejJ+H0T/NB1XMtTVEwNTrfFF3gAxiyW0Bu/xWEGhjVKgUcMhCrUy2+uCWg==",
      "requires": {
        "base64-js": "^1.0.2",
        "ieee754": "^1.1.4",
        "isarray": "^1.0.0"
      }
    },
    "do-not-zip": {
      "version": "1.0.0",
      "resolved": "https://registry.npmjs.org/do-not-zip/-/do-not-zip-1.0.0.tgz",
      "integrity": "sha512-Pgd81ET43bhAGaN2Hq1zluSX1FmD7kl7KcV9ER/lawiLsRUB9pRA5y8r6us29Xk6BrINZETO8TjhYwtwafWUww=="
    },
    "events": {
      "version": "1.1.1",
      "resolved": "https://registry.npmjs.org/events/-/events-1.1.1.tgz",
      "integrity": "sha1-nr23Y1rQmccNzEwqH1AEKI6L2SQ="
    },
    "ieee754": {
      "version": "1.1.13",
      "resolved": "https://registry.npmjs.org/ieee754/-/ieee754-1.1.13.tgz",
      "integrity": "sha512-4vf7I2LYV/HaWerSo3XmlMkp5eZ83i+/CDluXi/IGTs/O1sejBNhTtnxzmRZfvOUqj7lZjqHkeTvpgSFDlWZTg=="
    },
    "isarray": {
      "version": "1.0.0",
      "resolved": "https://registry.npmjs.org/isarray/-/isarray-1.0.0.tgz",
      "integrity": "sha1-u5NdSFgsuhaMBoNJV6VKPgcSTxE="
    },
    "jmespath": {
      "version": "0.15.0",
      "resolved": "https://registry.npmjs.org/jmespath/-/jmespath-0.15.0.tgz",
      "integrity": "sha1-o/Iiqarp+Wb10nx5ZRDigJF2Qhc="
    },
    "joi": {
      "version": "17.4.2",
      "resolved": "https://registry.npmjs.org/joi/-/joi-17.4.2.tgz",
      "integrity": "sha512-Lm56PP+n0+Z2A2rfRvsfWVDXGEWjXxatPopkQ8qQ5mxCEhwHG+Ettgg5o98FFaxilOxozoa14cFhrE/hOzh/Nw==",
      "requires": {
        "@hapi/hoek": "^9.0.0",
        "@hapi/topo": "^5.0.0",
        "@sideway/address": "^4.1.0",
        "@sideway/formula": "^3.0.0",
        "@sideway/pinpoint": "^2.0.0"
      }
    },
    "node-forge": {
      "version": "0.10.0",
      "resolved": "https://registry.npmjs.org/node-forge/-/node-forge-0.10.0.tgz",
      "integrity": "sha512-PPmu8eEeG9saEUvI97fm4OYxXVB6bFvyNTyiUOBichBpFG8A1Ljw3bY62+5oOjDEMHRnd0Y7HQ+x7uzxOzC6JA=="
    },
    "passkit-generator": {
      "version": "3.0.1",
      "resolved": "https://registry.npmjs.org/passkit-generator/-/passkit-generator-3.0.1.tgz",
      "integrity": "sha512-U+3lgxoczyoZ5aToROkyE80y3oT6ZLO31NglvN90jLZtBUKoXlzqSHC2Of+6AX2ASJqyKy+uwIEGDJXnAixIEg==",
      "requires": {
        "do-not-zip": "^1.0.0",
        "joi": "^17.4.2",
        "node-forge": "^0.10.0",
        "tslib": "^2.3.1"
      }
    },
    "punycode": {
      "version": "1.3.2",
      "resolved": "https://registry.npmjs.org/punycode/-/punycode-1.3.2.tgz",
      "integrity": "sha1-llOgNvt8HuQjQvIyXM7v6jkmxI0="
    },
    "querystring": {
      "version": "0.2.0",
      "resolved": "https://registry.npmjs.org/querystring/-/querystring-0.2.0.tgz",
      "integrity": "sha1-sgmEkgO7Jd+CDadW50cAWHhSFiA="
    },
    "sax": {
      "version": "1.2.1",
      "resolved": "https://registry.npmjs.org/sax/-/sax-1.2.1.tgz",
      "integrity": "sha1-e45lYZCyKOgaZq6nSEgNgozS03o="
    },
    "tslib": {
      "version": "2.3.1",
      "resolved": "https://registry.npmjs.org/tslib/-/tslib-2.3.1.tgz",
      "integrity": "sha512-77EbyPPpMz+FRFRuAFlWMtmgUWGe9UOG2Z25NqCwiIjRhOf5iKGuzSe5P2w1laq+FkRy4p+PCuVkJSGkzTEKVw=="
    },
    "typescript": {
      "version": "4.5.2",
      "resolved": "https://registry.npmjs.org/typescript/-/typescript-4.5.2.tgz",
      "integrity": "sha512-5BlMof9H1yGt0P8/WF+wPNw6GfctgGjXp5hkblpyT+8rkASSmkUKMXrxR0Xg8ThVCi/JnHQiKXeBaEwCeQwMFw==",
      "dev": true
    },
    "url": {
      "version": "0.10.3",
      "resolved": "https://registry.npmjs.org/url/-/url-0.10.3.tgz",
      "integrity": "sha1-Ah5NnHcF8hu/N9A861h2dAJ3TGQ=",
      "requires": {
        "punycode": "1.3.2",
        "querystring": "0.2.0"
      }
    },
    "uuid": {
      "version": "3.3.2",
      "resolved": "https://registry.npmjs.org/uuid/-/uuid-3.3.2.tgz",
      "integrity": "sha512-yXJmeNaw3DnnKAOKJE51sL/ZaYfWJRl1pK9dr19YFCu0ObS231AB1/LbqTKRAQ5kw8A90rA6fr4riOUpTZvQZA=="
    },
    "xml2js": {
      "version": "0.4.19",
      "resolved": "https://registry.npmjs.org/xml2js/-/xml2js-0.4.19.tgz",
      "integrity": "sha512-esZnJZJOiJR9wWKMyuvSE1y6Dq5LCuJanqhxslH2bxM6duahNZ+HMpCLhBQGZkbX6xRf8x1Y2eJlgt2q3qo49Q==",
      "requires": {
        "sax": ">=0.6.0",
        "xmlbuilder": "~9.0.1"
      }
    },
    "xmlbuilder": {
      "version": "9.0.7",
      "resolved": "https://registry.npmjs.org/xmlbuilder/-/xmlbuilder-9.0.7.tgz",
      "integrity": "sha1-Ey7mPS7FVlxVfiD0wi35rKaGsQ0="
    }
  }
}
