{
  "name": "khupass-serverless",
  "version": "1.0.0",
  "lockfileVersion": 2,
  "requires": true,
  "packages": {
    "": {
      "name": "khupass-serverless",
      "version": "1.0.0",
      "license": "ISC",
      "dependencies": {
        "passkit-generator": "^3.0.1"
      },
      "devDependencies": {
        "@types/aws-lambda": "^8.10.85",
        "@types/node": "^16.11.10",
        "typescript": "^4.5.2"
      }
    },
    "node_modules/@hapi/hoek": {
      "version": "9.2.1",
      "resolved": "https://registry.npmjs.org/@hapi/hoek/-/hoek-9.2.1.tgz",
      "integrity": "sha512-gfta+H8aziZsm8pZa0vj04KO6biEiisppNgA1kbJvFrrWu9Vm7eaUEy76DIxsuTaWvti5fkJVhllWc6ZTE+Mdw=="
    },
    "node_modules/@hapi/topo": {
      "version": "5.1.0",
      "resolved": "https://registry.npmjs.org/@hapi/topo/-/topo-5.1.0.tgz",
      "integrity": "sha512-foQZKJig7Ob0BMAYBfcJk8d77QtOe7Wo4ox7ff1lQYoNNAb6jwcY1ncdoy2e9wQZzvNy7ODZCYJkK8kzmcAnAg==",
      "dependencies": {
        "@hapi/hoek": "^9.0.0"
      }
    },
    "node_modules/@sideway/address": {
      "version": "4.1.2",
      "resolved": "https://registry.npmjs.org/@sideway/address/-/address-4.1.2.tgz",
      "integrity": "sha512-idTz8ibqWFrPU8kMirL0CoPH/A29XOzzAzpyN3zQ4kAWnzmNfFmRaoMNN6VI8ske5M73HZyhIaW4OuSFIdM4oA==",
      "dependencies": {
        "@hapi/hoek": "^9.0.0"
      }
    },
    "node_modules/@sideway/formula": {
      "version": "3.0.0",
      "resolved": "https://registry.npmjs.org/@sideway/formula/-/formula-3.0.0.tgz",
      "integrity": "sha512-vHe7wZ4NOXVfkoRb8T5otiENVlT7a3IAiw7H5M2+GO+9CDgcVUUsX1zalAztCmwyOr2RUTGJdgB+ZvSVqmdHmg=="
    },
    "node_modules/@sideway/pinpoint": {
      "version": "2.0.0",
      "resolved": "https://registry.npmjs.org/@sideway/pinpoint/-/pinpoint-2.0.0.tgz",
      "integrity": "sha512-RNiOoTPkptFtSVzQevY/yWtZwf/RxyVnPy/OcA9HBM3MlGDnBEYL5B41H0MTn0Uec8Hi+2qUtTfG2WWZBmMejQ=="
    },
    "node_modules/@types/aws-lambda": {
      "version": "8.10.85",
      "resolved": "https://registry.npmjs.org/@types/aws-lambda/-/aws-lambda-8.10.85.tgz",
      "integrity": "sha512-cMRXVxb+NMb6EekKel1fPBfz2ZqE5cGhIS14G7FVUM4Bqilx0lHKnZbsDLWLSeckDpkvlp5six2F7UWyEEJSoQ==",
      "dev": true
    },
    "node_modules/@types/node": {
      "version": "16.11.10",
      "resolved": "https://registry.npmjs.org/@types/node/-/node-16.11.10.tgz",
      "integrity": "sha512-3aRnHa1KlOEEhJ6+CvyHKK5vE9BcLGjtUpwvqYLRvYNQKMfabu3BwfJaA/SLW8dxe28LsNDjtHwePTuzn3gmOA==",
      "dev": true
    },
    "node_modules/do-not-zip": {
      "version": "1.0.0",
      "resolved": "https://registry.npmjs.org/do-not-zip/-/do-not-zip-1.0.0.tgz",
      "integrity": "sha512-Pgd81ET43bhAGaN2Hq1zluSX1FmD7kl7KcV9ER/lawiLsRUB9pRA5y8r6us29Xk6BrINZETO8TjhYwtwafWUww=="
    },
    "node_modules/joi": {
      "version": "17.4.2",
      "resolved": "https://registry.npmjs.org/joi/-/joi-17.4.2.tgz",
      "integrity": "sha512-Lm56PP+n0+Z2A2rfRvsfWVDXGEWjXxatPopkQ8qQ5mxCEhwHG+Ettgg5o98FFaxilOxozoa14cFhrE/hOzh/Nw==",
      "dependencies": {
        "@hapi/hoek": "^9.0.0",
        "@hapi/topo": "^5.0.0",
        "@sideway/address": "^4.1.0",
        "@sideway/formula": "^3.0.0",
        "@sideway/pinpoint": "^2.0.0"
      }
    },
    "node_modules/node-forge": {
      "version": "0.10.0",
      "resolved": "https://registry.npmjs.org/node-forge/-/node-forge-0.10.0.tgz",
      "integrity": "sha512-PPmu8eEeG9saEUvI97fm4OYxXVB6bFvyNTyiUOBichBpFG8A1Ljw3bY62+5oOjDEMHRnd0Y7HQ+x7uzxOzC6JA==",
      "engines": {
        "node": ">= 6.0.0"
      }
    },
    "node_modules/passkit-generator": {
      "version": "3.0.1",
      "resolved": "https://registry.npmjs.org/passkit-generator/-/passkit-generator-3.0.1.tgz",
      "integrity": "sha512-U+3lgxoczyoZ5aToROkyE80y3oT6ZLO31NglvN90jLZtBUKoXlzqSHC2Of+6AX2ASJqyKy+uwIEGDJXnAixIEg==",
      "dependencies": {
        "do-not-zip": "^1.0.0",
        "joi": "^17.4.2",
        "node-forge": "^0.10.0",
        "tslib": "^2.3.1"
      },
      "engines": {
        "node": ">=14.18.1"
      }
    },
    "node_modules/tslib": {
      "version": "2.3.1",
      "resolved": "https://registry.npmjs.org/tslib/-/tslib-2.3.1.tgz",
      "integrity": "sha512-77EbyPPpMz+FRFRuAFlWMtmgUWGe9UOG2Z25NqCwiIjRhOf5iKGuzSe5P2w1laq+FkRy4p+PCuVkJSGkzTEKVw=="
    },
    "node_modules/typescript": {
      "version": "4.5.2",
      "resolved": "https://registry.npmjs.org/typescript/-/typescript-4.5.2.tgz",
      "integrity": "sha512-5BlMof9H1yGt0P8/WF+wPNw6GfctgGjXp5hkblpyT+8rkASSmkUKMXrxR0Xg8ThVCi/JnHQiKXeBaEwCeQwMFw==",
      "dev": true,
      "bin": {
        "tsc": "bin/tsc",
        "tsserver": "bin/tsserver"
      },
      "engines": {
        "node": ">=4.2.0"
      }
    }
  },
  "dependencies": {
    "@hapi/hoek": {
      "version": "9.2.1",
      "resolved": "https://registry.npmjs.org/@hapi/hoek/-/hoek-9.2.1.tgz",
      "integrity": "sha512-gfta+H8aziZsm8pZa0vj04KO6biEiisppNgA1kbJvFrrWu9Vm7eaUEy76DIxsuTaWvti5fkJVhllWc6ZTE+Mdw=="
    },
    "@hapi/topo": {
      "version": "5.1.0",
      "resolved": "https://registry.npmjs.org/@hapi/topo/-/topo-5.1.0.tgz",
      "integrity": "sha512-foQZKJig7Ob0BMAYBfcJk8d77QtOe7Wo4ox7ff1lQYoNNAb6jwcY1ncdoy2e9wQZzvNy7ODZCYJkK8kzmcAnAg==",
      "requires": {
        "@hapi/hoek": "^9.0.0"
      }
    },
    "@sideway/address": {
      "version": "4.1.2",
      "resolved": "https://registry.npmjs.org/@sideway/address/-/address-4.1.2.tgz",
      "integrity": "sha512-idTz8ibqWFrPU8kMirL0CoPH/A29XOzzAzpyN3zQ4kAWnzmNfFmRaoMNN6VI8ske5M73HZyhIaW4OuSFIdM4oA==",
      "requires": {
        "@hapi/hoek": "^9.0.0"
      }
    },
    "@sideway/formula": {
      "version": "3.0.0",
      "resolved": "https://registry.npmjs.org/@sideway/formula/-/formula-3.0.0.tgz",
      "integrity": "sha512-vHe7wZ4NOXVfkoRb8T5otiENVlT7a3IAiw7H5M2+GO+9CDgcVUUsX1zalAztCmwyOr2RUTGJdgB+ZvSVqmdHmg=="
    },
    "@sideway/pinpoint": {
      "version": "2.0.0",
      "resolved": "https://registry.npmjs.org/@sideway/pinpoint/-/pinpoint-2.0.0.tgz",
      "integrity": "sha512-RNiOoTPkptFtSVzQevY/yWtZwf/RxyVnPy/OcA9HBM3MlGDnBEYL5B41H0MTn0Uec8Hi+2qUtTfG2WWZBmMejQ=="
    },
    "@types/aws-lambda": {
      "version": "8.10.85",
      "resolved": "https://registry.npmjs.org/@types/aws-lambda/-/aws-lambda-8.10.85.tgz",
      "integrity": "sha512-cMRXVxb+NMb6EekKel1fPBfz2ZqE5cGhIS14G7FVUM4Bqilx0lHKnZbsDLWLSeckDpkvlp5six2F7UWyEEJSoQ==",
      "dev": true
    },
    "@types/node": {
      "version": "16.11.10",
      "resolved": "https://registry.npmjs.org/@types/node/-/node-16.11.10.tgz",
      "integrity": "sha512-3aRnHa1KlOEEhJ6+CvyHKK5vE9BcLGjtUpwvqYLRvYNQKMfabu3BwfJaA/SLW8dxe28LsNDjtHwePTuzn3gmOA==",
      "dev": true
    },
    "do-not-zip": {
      "version": "1.0.0",
      "resolved": "https://registry.npmjs.org/do-not-zip/-/do-not-zip-1.0.0.tgz",
      "integrity": "sha512-Pgd81ET43bhAGaN2Hq1zluSX1FmD7kl7KcV9ER/lawiLsRUB9pRA5y8r6us29Xk6BrINZETO8TjhYwtwafWUww=="
    },
    "joi": {
      "version": "17.4.2",
      "resolved": "https://registry.npmjs.org/joi/-/joi-17.4.2.tgz",
      "integrity": "sha512-Lm56PP+n0+Z2A2rfRvsfWVDXGEWjXxatPopkQ8qQ5mxCEhwHG+Ettgg5o98FFaxilOxozoa14cFhrE/hOzh/Nw==",
      "requires": {
        "@hapi/hoek": "^9.0.0",
        "@hapi/topo": "^5.0.0",
        "@sideway/address": "^4.1.0",
        "@sideway/formula": "^3.0.0",
        "@sideway/pinpoint": "^2.0.0"
      }
    },
    "node-forge": {
      "version": "0.10.0",
      "resolved": "https://registry.npmjs.org/node-forge/-/node-forge-0.10.0.tgz",
      "integrity": "sha512-PPmu8eEeG9saEUvI97fm4OYxXVB6bFvyNTyiUOBichBpFG8A1Ljw3bY62+5oOjDEMHRnd0Y7HQ+x7uzxOzC6JA=="
    },
    "passkit-generator": {
      "version": "3.0.1",
      "resolved": "https://registry.npmjs.org/passkit-generator/-/passkit-generator-3.0.1.tgz",
      "integrity": "sha512-U+3lgxoczyoZ5aToROkyE80y3oT6ZLO31NglvN90jLZtBUKoXlzqSHC2Of+6AX2ASJqyKy+uwIEGDJXnAixIEg==",
      "requires": {
        "do-not-zip": "^1.0.0",
        "joi": "^17.4.2",
        "node-forge": "^0.10.0",
        "tslib": "^2.3.1"
      }
    },
    "tslib": {
      "version": "2.3.1",
      "resolved": "https://registry.npmjs.org/tslib/-/tslib-2.3.1.tgz",
      "integrity": "sha512-77EbyPPpMz+FRFRuAFlWMtmgUWGe9UOG2Z25NqCwiIjRhOf5iKGuzSe5P2w1laq+FkRy4p+PCuVkJSGkzTEKVw=="
    },
    "typescript": {
      "version": "4.5.2",
      "resolved": "https://registry.npmjs.org/typescript/-/typescript-4.5.2.tgz",
      "integrity": "sha512-5BlMof9H1yGt0P8/WF+wPNw6GfctgGjXp5hkblpyT+8rkASSmkUKMXrxR0Xg8ThVCi/JnHQiKXeBaEwCeQwMFw==",
      "dev": true
    }
  }
}
